
Microsoft Visual Studio Solution File, Format Version 12.00
# Visual Studio Version 17
VisualStudioVersion = 17.7.33913.275
MinimumVisualStudioVersion = 10.0.40219.1
Project("{9A19103F-16F7-4668-BE54-9A1E7A4F7556}") = "RaciGridDemo", "RaciGridDemo\RaciGridDemo.csproj", "{756911AF-19D1-4B7C-AB01-6FD8BC3AD0DE}"
EndProject
Project("{FAE04EC0-301F-11D3-BF4B-00C04F79EFBC}") = "RACI_Grid", "RACI_Grid\RACI_Grid.csproj", "{CDF991D4-B290-491F-98B4-6C652C5F4410}"
EndProject
Global
	GlobalSection(SolutionConfigurationPlatforms) = preSolution
		Debug|Any CPU = Debug|Any CPU
		Release|Any CPU = Release|Any CPU
	EndGlobalSection
	GlobalSection(ProjectConfigurationPlatforms) = postSolution
		{756911AF-19D1-4B7C-AB01-6FD8BC3AD0DE}.Debug|Any CPU.ActiveCfg = Debug|Any CPU
		{756911AF-19D1-4B7C-AB01-6FD8BC3AD0DE}.Debug|Any CPU.Build.0 = Debug|Any CPU
		{756911AF-19D1-4B7C-AB01-6FD8BC3AD0DE}.Release|Any CPU.ActiveCfg = Release|Any CPU
		{756911AF-19D1-4B7C-AB01-6FD8BC3AD0DE}.Release|Any CPU.Build.0 = Release|Any CPU
		{CDF991D4-B290-491F-98B4-6C652C5F4410}.Debug|Any CPU.ActiveCfg = Debug|Any CPU
		{CDF991D4-B290-491F-98B4-6C652C5F4410}.Debug|Any CPU.Build.0 = Debug|Any CPU
		{CDF991D4-B290-491F-98B4-6C652C5F4410}.Release|Any CPU.ActiveCfg = Release|Any CPU
		{CDF991D4-B290-491F-98B4-6C652C5F4410}.Release|Any CPU.Build.0 = Release|Any CPU
	EndGlobalSection
	GlobalSection(SolutionProperties) = preSolution
		HideSolutionNode = FALSE
	EndGlobalSection
	GlobalSection(ExtensibilityGlobals) = postSolution
		SolutionGuid = {7A4540FF-612D-4F22-9CCD-0D7A28E72E79}
	EndGlobalSection
EndGlobal
